
Microsoft Visual Studio Solution File, Format Version 12.00
# Visual Studio Version 17
VisualStudioVersion = 17.4.33213.308
MinimumVisualStudioVersion = 10.0.40219.1
Project("{FAE04EC0-301F-11D3-BF4B-00C04F79EFBC}") = "TextBlaster", "TextBlaster\TextBlaster.csproj", "{46184FDC-4258-4EE7-BB3A-5A68FCEC3027}"
EndProject
Global
	GlobalSection(SolutionConfigurationPlatforms) = preSolution
		Debug|Any CPU = Debug|Any CPU
		Release|Any CPU = Release|Any CPU
	EndGlobalSection
	GlobalSection(ProjectConfigurationPlatforms) = postSolution
		{46184FDC-4258-4EE7-BB3A-5A68FCEC3027}.Debug|Any CPU.ActiveCfg = Debug|Any CPU
		{46184FDC-4258-4EE7-BB3A-5A68FCEC3027}.Debug|Any CPU.Build.0 = Debug|Any CPU
		{46184FDC-4258-4EE7-BB3A-5A68FCEC3027}.Release|Any CPU.ActiveCfg = Release|Any CPU
		{46184FDC-4258-4EE7-BB3A-5A68FCEC3027}.Release|Any CPU.Build.0 = Release|Any CPU
	EndGlobalSection
	GlobalSection(SolutionProperties) = preSolution
		HideSolutionNode = FALSE
	EndGlobalSection
	GlobalSection(ExtensibilityGlobals) = postSolution
		SolutionGuid = {37932A42-2D55-4314-9C56-3AF8F89ADFB2}
	EndGlobalSection
EndGlobal
